// !$*UTF8*$!
{
	archiveVersion = 1;
	classes = {
	};
	objectVersion = 50;
	objects = {

/* Begin PBXBuildFile section */
		AA2E9C4823FEAFFA008A3FE2 /* GameProperties.swift in Sources */ = {isa = PBXBuildFile; fileRef = AA2E9C4723FEAFFA008A3FE2 /* GameProperties.swift */; };
		AA2E9C4B23FEB135008A3FE2 /* GameManager.swift in Sources */ = {isa = PBXBuildFile; fileRef = AA2E9C4A23FEB135008A3FE2 /* GameManager.swift */; };
		AA2E9C4F23FEBB97008A3FE2 /* MainViewModel.swift in Sources */ = {isa = PBXBuildFile; fileRef = AA2E9C4E23FEBB97008A3FE2 /* MainViewModel.swift */; };
		AAA21BB923E1EFAA0015979A /* SettingsViewController.swift in Sources */ = {isa = PBXBuildFile; fileRef = AAA21BB823E1EFAA0015979A /* SettingsViewController.swift */; };
		AAA21BBB23E2E2780015979A /* StatisticViewController.swift in Sources */ = {isa = PBXBuildFile; fileRef = AAA21BBA23E2E2780015979A /* StatisticViewController.swift */; };
		AAA21BC023E2ECFD0015979A /* Localizable.strings in Resources */ = {isa = PBXBuildFile; fileRef = AAA21BBE23E2ECFD0015979A /* Localizable.strings */; };
		AAD8934C23D99765000AC2A9 /* AppDelegate.swift in Sources */ = {isa = PBXBuildFile; fileRef = AAD8934B23D99765000AC2A9 /* AppDelegate.swift */; };
		AAD8934E23D99765000AC2A9 /* SceneDelegate.swift in Sources */ = {isa = PBXBuildFile; fileRef = AAD8934D23D99765000AC2A9 /* SceneDelegate.swift */; };
		AAD8935023D99765000AC2A9 /* ViewController.swift in Sources */ = {isa = PBXBuildFile; fileRef = AAD8934F23D99765000AC2A9 /* ViewController.swift */; };
		AAD8935323D99765000AC2A9 /* Main.storyboard in Resources */ = {isa = PBXBuildFile; fileRef = AAD8935123D99765000AC2A9 /* Main.storyboard */; };
		AAD8935523D99768000AC2A9 /* Assets.xcassets in Resources */ = {isa = PBXBuildFile; fileRef = AAD8935423D99768000AC2A9 /* Assets.xcassets */; };
		AAD8935823D99768000AC2A9 /* LaunchScreen.storyboard in Resources */ = {isa = PBXBuildFile; fileRef = AAD8935623D99768000AC2A9 /* LaunchScreen.storyboard */; };
/* End PBXBuildFile section */

/* Begin PBXFileReference section */
		AA2E9C4723FEAFFA008A3FE2 /* GameProperties.swift */ = {isa = PBXFileReference; lastKnownFileType = sourcecode.swift; path = GameProperties.swift; sourceTree = "<group>"; };
		AA2E9C4A23FEB135008A3FE2 /* GameManager.swift */ = {isa = PBXFileReference; lastKnownFileType = sourcecode.swift; path = GameManager.swift; sourceTree = "<group>"; };
		AA2E9C4E23FEBB97008A3FE2 /* MainViewModel.swift */ = {isa = PBXFileReference; lastKnownFileType = sourcecode.swift; path = MainViewModel.swift; sourceTree = "<group>"; };
		AAA21BB823E1EFAA0015979A /* SettingsViewController.swift */ = {isa = PBXFileReference; lastKnownFileType = sourcecode.swift; path = SettingsViewController.swift; sourceTree = "<group>"; };
		AAA21BBA23E2E2780015979A /* StatisticViewController.swift */ = {isa = PBXFileReference; lastKnownFileType = sourcecode.swift; path = StatisticViewController.swift; sourceTree = "<group>"; };
		AAA21BBC23E2EC800015979A /* ru */ = {isa = PBXFileReference; lastKnownFileType = text.plist.strings; name = ru; path = ru.lproj/Main.strings; sourceTree = "<group>"; };
		AAA21BBD23E2EC810015979A /* ru */ = {isa = PBXFileReference; lastKnownFileType = text.plist.strings; name = ru; path = ru.lproj/LaunchScreen.strings; sourceTree = "<group>"; };
		AAA21BBF23E2ECFD0015979A /* Base */ = {isa = PBXFileReference; lastKnownFileType = text.plist.strings; name = Base; path = Base.lproj/Localizable.strings; sourceTree = "<group>"; };
		AAA21BC123E2ED310015979A /* ru */ = {isa = PBXFileReference; lastKnownFileType = text.plist.strings; name = ru; path = ru.lproj/Localizable.strings; sourceTree = "<group>"; };
		AAD8934823D99765000AC2A9 /* Practice1.app */ = {isa = PBXFileReference; explicitFileType = wrapper.application; includeInIndex = 0; path = Practice1.app; sourceTree = BUILT_PRODUCTS_DIR; };
		AAD8934B23D99765000AC2A9 /* AppDelegate.swift */ = {isa = PBXFileReference; lastKnownFileType = sourcecode.swift; path = AppDelegate.swift; sourceTree = "<group>"; };
		AAD8934D23D99765000AC2A9 /* SceneDelegate.swift */ = {isa = PBXFileReference; lastKnownFileType = sourcecode.swift; path = SceneDelegate.swift; sourceTree = "<group>"; };
		AAD8934F23D99765000AC2A9 /* ViewController.swift */ = {isa = PBXFileReference; lastKnownFileType = sourcecode.swift; path = ViewController.swift; sourceTree = "<group>"; };
		AAD8935223D99765000AC2A9 /* Base */ = {isa = PBXFileReference; lastKnownFileType = file.storyboard; name = Base; path = Base.lproj/Main.storyboard; sourceTree = "<group>"; };
		AAD8935423D99768000AC2A9 /* Assets.xcassets */ = {isa = PBXFileReference; lastKnownFileType = folder.assetcatalog; path = Assets.xcassets; sourceTree = "<group>"; };
		AAD8935723D99768000AC2A9 /* Base */ = {isa = PBXFileReference; lastKnownFileType = file.storyboard; name = Base; path = Base.lproj/LaunchScreen.storyboard; sourceTree = "<group>"; };
		AAD8935923D99768000AC2A9 /* Info.plist */ = {isa = PBXFileReference; lastKnownFileType = text.plist.xml; path = Info.plist; sourceTree = "<group>"; };
/* End PBXFileReference section */

/* Begin PBXFrameworksBuildPhase section */
		AAD8934523D99765000AC2A9 /* Frameworks */ = {
			isa = PBXFrameworksBuildPhase;
			buildActionMask = 2147483647;
			files = (
			);
			runOnlyForDeploymentPostprocessing = 0;
		};
/* End PBXFrameworksBuildPhase section */

/* Begin PBXGroup section */
		AA2E9C4123FEADBB008A3FE2 /* ViewControllers */ = {
			isa = PBXGroup;
			children = (
				AAD8934F23D99765000AC2A9 /* ViewController.swift */,
				AAA21BBA23E2E2780015979A /* StatisticViewController.swift */,
				AAA21BB823E1EFAA0015979A /* SettingsViewController.swift */,
			);
			path = ViewControllers;
			sourceTree = "<group>";
		};
		AA2E9C4223FEADC7008A3FE2 /* Models */ = {
			isa = PBXGroup;
			children = (
				AA2E9C4A23FEB135008A3FE2 /* GameManager.swift */,
				AA2E9C4723FEAFFA008A3FE2 /* GameProperties.swift */,
			);
			path = Models;
			sourceTree = "<group>";
		};
		AA2E9C4323FEADD6008A3FE2 /* ViewModels */ = {
			isa = PBXGroup;
			children = (
				AA2E9C4E23FEBB97008A3FE2 /* MainViewModel.swift */,
			);
			path = ViewModels;
			sourceTree = "<group>";
		};
		AA2E9C4423FEAE25008A3FE2 /* StoryBoards */ = {
			isa = PBXGroup;
			children = (
				AAD8935123D99765000AC2A9 /* Main.storyboard */,
				AAD8935623D99768000AC2A9 /* LaunchScreen.storyboard */,
			);
			path = StoryBoards;
			sourceTree = "<group>";
		};
		AA2E9C4523FEAE50008A3FE2 /* Resources */ = {
			isa = PBXGroup;
			children = (
				AAA21BBE23E2ECFD0015979A /* Localizable.strings */,
				AAD8935423D99768000AC2A9 /* Assets.xcassets */,
			);
			path = Resources;
			sourceTree = "<group>";
		};
		AA2E9C4623FEAE9B008A3FE2 /* BaseAppDelegetes */ = {
			isa = PBXGroup;
			children = (
				AAD8934B23D99765000AC2A9 /* AppDelegate.swift */,
				AAD8934D23D99765000AC2A9 /* SceneDelegate.swift */,
			);
			path = BaseAppDelegetes;
			sourceTree = "<group>";
		};
		AAD8933F23D99765000AC2A9 = {
			isa = PBXGroup;
			children = (
				AAD8934A23D99765000AC2A9 /* Practice1 */,
				AAD8934923D99765000AC2A9 /* Products */,
			);
			sourceTree = "<group>";
		};
		AAD8934923D99765000AC2A9 /* Products */ = {
			isa = PBXGroup;
			children = (
				AAD8934823D99765000AC2A9 /* Practice1.app */,
			);
			name = Products;
			sourceTree = "<group>";
		};
		AAD8934A23D99765000AC2A9 /* Practice1 */ = {
			isa = PBXGroup;
			children = (
				AA2E9C4623FEAE9B008A3FE2 /* BaseAppDelegetes */,
				AA2E9C4223FEADC7008A3FE2 /* Models */,
				AA2E9C4123FEADBB008A3FE2 /* ViewControllers */,
				AA2E9C4323FEADD6008A3FE2 /* ViewModels */,
				AA2E9C4423FEAE25008A3FE2 /* StoryBoards */,
				AA2E9C4523FEAE50008A3FE2 /* Resources */,
				AAD8935923D99768000AC2A9 /* Info.plist */,
			);
			path = Practice1;
			sourceTree = "<group>";
		};
/* End PBXGroup section */

/* Begin PBXNativeTarget section */
		AAD8934723D99765000AC2A9 /* Practice1 */ = {
			isa = PBXNativeTarget;
			buildConfigurationList = AAD8935C23D99768000AC2A9 /* Build configuration list for PBXNativeTarget "Practice1" */;
			buildPhases = (
				AAD8934423D99765000AC2A9 /* Sources */,
				AAD8934523D99765000AC2A9 /* Frameworks */,
				AAD8934623D99765000AC2A9 /* Resources */,
			);
			buildRules = (
			);
			dependencies = (
			);
			name = Practice1;
			productName = Practice1;
			productReference = AAD8934823D99765000AC2A9 /* Practice1.app */;
			productType = "com.apple.product-type.application";
		};
/* End PBXNativeTarget section */

/* Begin PBXProject section */
		AAD8934023D99765000AC2A9 /* Project object */ = {
			isa = PBXProject;
			attributes = {
				LastSwiftUpdateCheck = 1130;
				LastUpgradeCheck = 1130;
				ORGANIZATIONNAME = "Евгений Гусев";
				TargetAttributes = {
					AAD8934723D99765000AC2A9 = {
						CreatedOnToolsVersion = 11.3.1;
					};
				};
			};
			buildConfigurationList = AAD8934323D99765000AC2A9 /* Build configuration list for PBXProject "Practice1" */;
			compatibilityVersion = "Xcode 9.3";
			developmentRegion = en;
			hasScannedForEncodings = 0;
			knownRegions = (
				en,
				Base,
				ru,
			);
			mainGroup = AAD8933F23D99765000AC2A9;
			productRefGroup = AAD8934923D99765000AC2A9 /* Products */;
			projectDirPath = "";
			projectRoot = "";
			targets = (
				AAD8934723D99765000AC2A9 /* Practice1 */,
			);
		};
/* End PBXProject section */

/* Begin PBXResourcesBuildPhase section */
		AAD8934623D99765000AC2A9 /* Resources */ = {
			isa = PBXResourcesBuildPhase;
			buildActionMask = 2147483647;
			files = (
				AAD8935823D99768000AC2A9 /* LaunchScreen.storyboard in Resources */,
				AAA21BC023E2ECFD0015979A /* Localizable.strings in Resources */,
				AAD8935523D99768000AC2A9 /* Assets.xcassets in Resources */,
				AAD8935323D99765000AC2A9 /* Main.storyboard in Resources */,
			);
			runOnlyForDeploymentPostprocessing = 0;
		};
/* End PBXResourcesBuildPhase section */

/* Begin PBXSourcesBuildPhase section */
		AAD8934423D99765000AC2A9 /* Sources */ = {
			isa = PBXSourcesBuildPhase;
			buildActionMask = 2147483647;
			files = (
				AAD8935023D99765000AC2A9 /* ViewController.swift in Sources */,
				AAD8934C23D99765000AC2A9 /* AppDelegate.swift in Sources */,
				AA2E9C4823FEAFFA008A3FE2 /* GameProperties.swift in Sources */,
				AA2E9C4B23FEB135008A3FE2 /* GameManager.swift in Sources */,
				AAD8934E23D99765000AC2A9 /* SceneDelegate.swift in Sources */,
				AA2E9C4F23FEBB97008A3FE2 /* MainViewModel.swift in Sources */,
				AAA21BBB23E2E2780015979A /* StatisticViewController.swift in Sources */,
				AAA21BB923E1EFAA0015979A /* SettingsViewController.swift in Sources */,
			);
			runOnlyForDeploymentPostprocessing = 0;
		};
/* End PBXSourcesBuildPhase section */

/* Begin PBXVariantGroup section */
		AAA21BBE23E2ECFD0015979A /* Localizable.strings */ = {
			isa = PBXVariantGroup;
			children = (
				AAA21BBF23E2ECFD0015979A /* Base */,
				AAA21BC123E2ED310015979A /* ru */,
			);
			name = Localizable.strings;
			sourceTree = "<group>";
		};
		AAD8935123D99765000AC2A9 /* Main.storyboard */ = {
			isa = PBXVariantGroup;
			children = (
				AAD8935223D99765000AC2A9 /* Base */,
				AAA21BBC23E2EC800015979A /* ru */,
			);
			name = Main.storyboard;
			sourceTree = "<group>";
		};
		AAD8935623D99768000AC2A9 /* LaunchScreen.storyboard */ = {
			isa = PBXVariantGroup;
			children = (
				AAD8935723D99768000AC2A9 /* Base */,
				AAA21BBD23E2EC810015979A /* ru */,
			);
			name = LaunchScreen.storyboard;
			sourceTree = "<group>";
		};
/* End PBXVariantGroup section */

/* Begin XCBuildConfiguration section */
		AAD8935A23D99768000AC2A9 /* Debug */ = {
			isa = XCBuildConfiguration;
			buildSettings = {
				ALWAYS_SEARCH_USER_PATHS = NO;
				CLANG_ANALYZER_LOCALIZABILITY_NONLOCALIZED = YES;
				CLANG_ANALYZER_NONNULL = YES;
				CLANG_ANALYZER_NUMBER_OBJECT_CONVERSION = YES_AGGRESSIVE;
				CLANG_CXX_LANGUAGE_STANDARD = "gnu++14";
				CLANG_CXX_LIBRARY = "libc++";
				CLANG_ENABLE_MODULES = YES;
				CLANG_ENABLE_OBJC_ARC = YES;
				CLANG_ENABLE_OBJC_WEAK = YES;
				CLANG_WARN_BLOCK_CAPTURE_AUTORELEASING = YES;
				CLANG_WARN_BOOL_CONVERSION = YES;
				CLANG_WARN_COMMA = YES;
				CLANG_WARN_CONSTANT_CONVERSION = YES;
				CLANG_WARN_DEPRECATED_OBJC_IMPLEMENTATIONS = YES;
				CLANG_WARN_DIRECT_OBJC_ISA_USAGE = YES_ERROR;
				CLANG_WARN_DOCUMENTATION_COMMENTS = YES;
				CLANG_WARN_EMPTY_BODY = YES;
				CLANG_WARN_ENUM_CONVERSION = YES;
				CLANG_WARN_INFINITE_RECURSION = YES;
				CLANG_WARN_INT_CONVERSION = YES;
				CLANG_WARN_NON_LITERAL_NULL_CONVERSION = YES;
				CLANG_WARN_OBJC_IMPLICIT_RETAIN_SELF = YES;
				CLANG_WARN_OBJC_LITERAL_CONVERSION = YES;
				CLANG_WARN_OBJC_ROOT_CLASS = YES_ERROR;
				CLANG_WARN_RANGE_LOOP_ANALYSIS = YES;
				CLANG_WARN_STRICT_PROTOTYPES = YES;
				CLANG_WARN_SUSPICIOUS_MOVE = YES;
				CLANG_WARN_UNGUARDED_AVAILABILITY = YES_AGGRESSIVE;
				CLANG_WARN_UNREACHABLE_CODE = YES;
				CLANG_WARN__DUPLICATE_METHOD_MATCH = YES;
				COPY_PHASE_STRIP = NO;
				DEBUG_INFORMATION_FORMAT = dwarf;
				ENABLE_STRICT_OBJC_MSGSEND = YES;
				ENABLE_TESTABILITY = YES;
				GCC_C_LANGUAGE_STANDARD = gnu11;
				GCC_DYNAMIC_NO_PIC = NO;
				GCC_NO_COMMON_BLOCKS = YES;
				GCC_OPTIMIZATION_LEVEL = 0;
				GCC_PREPROCESSOR_DEFINITIONS = (
					"DEBUG=1",
					"$(inherited)",
				);
				GCC_WARN_64_TO_32_BIT_CONVERSION = YES;
				GCC_WARN_ABOUT_RETURN_TYPE = YES_ERROR;
				GCC_WARN_UNDECLARED_SELECTOR = YES;
				GCC_WARN_UNINITIALIZED_AUTOS = YES_AGGRESSIVE;
				GCC_WARN_UNUSED_FUNCTION = YES;
				GCC_WARN_UNUSED_VARIABLE = YES;
				IPHONEOS_DEPLOYMENT_TARGET = 13.2;
				MTL_ENABLE_DEBUG_INFO = INCLUDE_SOURCE;
				MTL_FAST_MATH = YES;
				ONLY_ACTIVE_ARCH = YES;
				SDKROOT = iphoneos;
				SWIFT_ACTIVE_COMPILATION_CONDITIONS = DEBUG;
				SWIFT_OPTIMIZATION_LEVEL = "-Onone";
			};
			name = Debug;
		};
		AAD8935B23D99768000AC2A9 /* Release */ = {
			isa = XCBuildConfiguration;
			buildSettings = {
				ALWAYS_SEARCH_USER_PATHS = NO;
				CLANG_ANALYZER_LOCALIZABILITY_NONLOCALIZED = YES;
				CLANG_ANALYZER_NONNULL = YES;
				CLANG_ANALYZER_NUMBER_OBJECT_CONVERSION = YES_AGGRESSIVE;
				CLANG_CXX_LANGUAGE_STANDARD = "gnu++14";
				CLANG_CXX_LIBRARY = "libc++";
				CLANG_ENABLE_MODULES = YES;
				CLANG_ENABLE_OBJC_ARC = YES;
				CLANG_ENABLE_OBJC_WEAK = YES;
				CLANG_WARN_BLOCK_CAPTURE_AUTORELEASING = YES;
				CLANG_WARN_BOOL_CONVERSION = YES;
				CLANG_WARN_COMMA = YES;
				CLANG_WARN_CONSTANT_CONVERSION = YES;
				CLANG_WARN_DEPRECATED_OBJC_IMPLEMENTATIONS = YES;
				CLANG_WARN_DIRECT_OBJC_ISA_USAGE = YES_ERROR;
				CLANG_WARN_DOCUMENTATION_COMMENTS = YES;
				CLANG_WARN_EMPTY_BODY = YES;
				CLANG_WARN_ENUM_CONVERSION = YES;
				CLANG_WARN_INFINITE_RECURSION = YES;
				CLANG_WARN_INT_CONVERSION = YES;
				CLANG_WARN_NON_LITERAL_NULL_CONVERSION = YES;
				CLANG_WARN_OBJC_IMPLICIT_RETAIN_SELF = YES;
				CLANG_WARN_OBJC_LITERAL_CONVERSION = YES;
				CLANG_WARN_OBJC_ROOT_CLASS = YES_ERROR;
				CLANG_WARN_RANGE_LOOP_ANALYSIS = YES;
				CLANG_WARN_STRICT_PROTOTYPES = YES;
				CLANG_WARN_SUSPICIOUS_MOVE = YES;
				CLANG_WARN_UNGUARDED_AVAILABILITY = YES_AGGRESSIVE;
				CLANG_WARN_UNREACHABLE_CODE = YES;
				CLANG_WARN__DUPLICATE_METHOD_MATCH = YES;
				COPY_PHASE_STRIP = NO;
				DEBUG_INFORMATION_FORMAT = "dwarf-with-dsym";
				ENABLE_NS_ASSERTIONS = NO;
				ENABLE_STRICT_OBJC_MSGSEND = YES;
				GCC_C_LANGUAGE_STANDARD = gnu11;
				GCC_NO_COMMON_BLOCKS = YES;
				GCC_WARN_64_TO_32_BIT_CONVERSION = YES;
				GCC_WARN_ABOUT_RETURN_TYPE = YES_ERROR;
				GCC_WARN_UNDECLARED_SELECTOR = YES;
				GCC_WARN_UNINITIALIZED_AUTOS = YES_AGGRESSIVE;
				GCC_WARN_UNUSED_FUNCTION = YES;
				GCC_WARN_UNUSED_VARIABLE = YES;
				IPHONEOS_DEPLOYMENT_TARGET = 13.2;
				MTL_ENABLE_DEBUG_INFO = NO;
				MTL_FAST_MATH = YES;
				SDKROOT = iphoneos;
				SWIFT_COMPILATION_MODE = wholemodule;
				SWIFT_OPTIMIZATION_LEVEL = "-O";
				VALIDATE_PRODUCT = YES;
			};
			name = Release;
		};
		AAD8935D23D99768000AC2A9 /* Debug */ = {
			isa = XCBuildConfiguration;
			buildSettings = {
				ASSETCATALOG_COMPILER_APPICON_NAME = AppIcon;
				CODE_SIGN_STYLE = Automatic;
				DEVELOPMENT_TEAM = 6FGU6NCMU2;
				INFOPLIST_FILE = Practice1/Info.plist;
				IPHONEOS_DEPLOYMENT_TARGET = 11.0;
				LD_RUNPATH_SEARCH_PATHS = (
					"$(inherited)",
					"@executable_path/Frameworks",
				);
				PRODUCT_BUNDLE_IDENTIFIER = com.study.Practice1;
				PRODUCT_NAME = "$(TARGET_NAME)";
				SWIFT_VERSION = 5.0;
				TARGETED_DEVICE_FAMILY = 1;
			};
			name = Debug;
		};
		AAD8935E23D99768000AC2A9 /* Release */ = {
			isa = XCBuildConfiguration;
			buildSettings = {
				ASSETCATALOG_COMPILER_APPICON_NAME = AppIcon;
				CODE_SIGN_STYLE = Automatic;
				DEVELOPMENT_TEAM = 6FGU6NCMU2;
				INFOPLIST_FILE = Practice1/Info.plist;
				IPHONEOS_DEPLOYMENT_TARGET = 11.0;
				LD_RUNPATH_SEARCH_PATHS = (
					"$(inherited)",
					"@executable_path/Frameworks",
				);
				PRODUCT_BUNDLE_IDENTIFIER = com.study.Practice1;
				PRODUCT_NAME = "$(TARGET_NAME)";
				SWIFT_VERSION = 5.0;
				TARGETED_DEVICE_FAMILY = 1;
			};
			name = Release;
		};
/* End XCBuildConfiguration section */

/* Begin XCConfigurationList section */
		AAD8934323D99765000AC2A9 /* Build configuration list for PBXProject "Practice1" */ = {
			isa = XCConfigurationList;
			buildConfigurations = (
				AAD8935A23D99768000AC2A9 /* Debug */,
				AAD8935B23D99768000AC2A9 /* Release */,
			);
			defaultConfigurationIsVisible = 0;
			defaultConfigurationName = Release;
		};
		AAD8935C23D99768000AC2A9 /* Build configuration list for PBXNativeTarget "Practice1" */ = {
			isa = XCConfigurationList;
			buildConfigurations = (
				AAD8935D23D99768000AC2A9 /* Debug */,
				AAD8935E23D99768000AC2A9 /* Release */,
			);
			defaultConfigurationIsVisible = 0;
			defaultConfigurationName = Release;
		};
/* End XCConfigurationList section */
	};
	rootObject = AAD8934023D99765000AC2A9 /* Project object */;
}
